// !$*UTF8*$!
{
	archiveVersion = 1;
	classes = {
	};
	objectVersion = 50;
	objects = {

/* Begin PBXBuildFile section */
		49C2E4A1209E42D900D34E07 /* InterstitialVideoViewController.swift in Sources */ = {isa = PBXBuildFile; fileRef = 49CBC97D209C353900298FE7 /* InterstitialVideoViewController.swift */; };
		49C2E4A3209EF26B00D34E07 /* SettingsManager.swift in Sources */ = {isa = PBXBuildFile; fileRef = 49C2E4A2209EF26B00D34E07 /* SettingsManager.swift */; };
		49C2E4A5209F06F900D34E07 /* VisionFaceDetectionLicense in Resources */ = {isa = PBXBuildFile; fileRef = 49C2E4A4209F06F800D34E07 /* VisionFaceDetectionLicense */; };
		49C2E4A820A008CC00D34E07 /* Cat.mp4 in Resources */ = {isa = PBXBuildFile; fileRef = 49C2E4A720A008CC00D34E07 /* Cat.mp4 */; };
		49C2E4AA20A011A800D34E07 /* VideoLicense in Resources */ = {isa = PBXBuildFile; fileRef = 49C2E4A920A011A800D34E07 /* VideoLicense */; };
		49C2E4AC20A0135E00D34E07 /* AmbientSquares.mp4 in Resources */ = {isa = PBXBuildFile; fileRef = 49C2E4AB20A0135E00D34E07 /* AmbientSquares.mp4 */; };
		49CBC962209AD57400298FE7 /* AppDelegate.swift in Sources */ = {isa = PBXBuildFile; fileRef = 49CBC961209AD57400298FE7 /* AppDelegate.swift */; };
		49CBC964209AD57400298FE7 /* TrackingViewController.swift in Sources */ = {isa = PBXBuildFile; fileRef = 49CBC963209AD57400298FE7 /* TrackingViewController.swift */; };
		49CBC967209AD57400298FE7 /* Main.storyboard in Resources */ = {isa = PBXBuildFile; fileRef = 49CBC965209AD57400298FE7 /* Main.storyboard */; };
		49CBC969209AD57600298FE7 /* Assets.xcassets in Resources */ = {isa = PBXBuildFile; fileRef = 49CBC968209AD57600298FE7 /* Assets.xcassets */; };
		49CBC96C209AD57600298FE7 /* LaunchScreen.storyboard in Resources */ = {isa = PBXBuildFile; fileRef = 49CBC96A209AD57600298FE7 /* LaunchScreen.storyboard */; };
		49CBC97A209AF3FB00298FE7 /* LoopedVideoViewController.swift in Sources */ = {isa = PBXBuildFile; fileRef = 49CBC979209AF3FB00298FE7 /* LoopedVideoViewController.swift */; };
/* End PBXBuildFile section */

/* Begin PBXFileReference section */
		49C2E4A2209EF26B00D34E07 /* SettingsManager.swift */ = {isa = PBXFileReference; lastKnownFileType = sourcecode.swift; path = SettingsManager.swift; sourceTree = "<group>"; };
		49C2E4A4209F06F800D34E07 /* VisionFaceDetectionLicense */ = {isa = PBXFileReference; fileEncoding = 4; lastKnownFileType = text; path = VisionFaceDetectionLicense; sourceTree = "<group>"; };
		49C2E4A720A008CC00D34E07 /* Cat.mp4 */ = {isa = PBXFileReference; lastKnownFileType = file; path = Cat.mp4; sourceTree = "<group>"; };
		49C2E4A920A011A800D34E07 /* VideoLicense */ = {isa = PBXFileReference; lastKnownFileType = text; path = VideoLicense; sourceTree = "<group>"; };
		49C2E4AB20A0135E00D34E07 /* AmbientSquares.mp4 */ = {isa = PBXFileReference; lastKnownFileType = file; path = AmbientSquares.mp4; sourceTree = "<group>"; };
		49CBC95E209AD57400298FE7 /* ViewerVideo.app */ = {isa = PBXFileReference; explicitFileType = wrapper.application; includeInIndex = 0; path = ViewerVideo.app; sourceTree = BUILT_PRODUCTS_DIR; };
		49CBC961209AD57400298FE7 /* AppDelegate.swift */ = {isa = PBXFileReference; lastKnownFileType = sourcecode.swift; path = AppDelegate.swift; sourceTree = "<group>"; };
		49CBC963209AD57400298FE7 /* TrackingViewController.swift */ = {isa = PBXFileReference; lastKnownFileType = sourcecode.swift; path = TrackingViewController.swift; sourceTree = "<group>"; };
		49CBC966209AD57400298FE7 /* Base */ = {isa = PBXFileReference; lastKnownFileType = file.storyboard; name = Base; path = Base.lproj/Main.storyboard; sourceTree = "<group>"; };
		49CBC968209AD57600298FE7 /* Assets.xcassets */ = {isa = PBXFileReference; lastKnownFileType = folder.assetcatalog; path = Assets.xcassets; sourceTree = "<group>"; };
		49CBC96B209AD57600298FE7 /* Base */ = {isa = PBXFileReference; lastKnownFileType = file.storyboard; name = Base; path = Base.lproj/LaunchScreen.storyboard; sourceTree = "<group>"; };
		49CBC96D209AD57600298FE7 /* Info.plist */ = {isa = PBXFileReference; lastKnownFileType = text.plist.xml; path = Info.plist; sourceTree = "<group>"; };
		49CBC979209AF3FB00298FE7 /* LoopedVideoViewController.swift */ = {isa = PBXFileReference; lastKnownFileType = sourcecode.swift; path = LoopedVideoViewController.swift; sourceTree = "<group>"; };
		49CBC97D209C353900298FE7 /* InterstitialVideoViewController.swift */ = {isa = PBXFileReference; lastKnownFileType = sourcecode.swift; path = InterstitialVideoViewController.swift; sourceTree = "<group>"; };
/* End PBXFileReference section */

/* Begin PBXFrameworksBuildPhase section */
		49CBC95B209AD57400298FE7 /* Frameworks */ = {
			isa = PBXFrameworksBuildPhase;
			buildActionMask = 2147483647;
			files = (
			);
			runOnlyForDeploymentPostprocessing = 0;
		};
/* End PBXFrameworksBuildPhase section */

/* Begin PBXGroup section */
		49C2E4A6209F070400D34E07 /* Licenses */ = {
			isa = PBXGroup;
			children = (
				49C2E4A4209F06F800D34E07 /* VisionFaceDetectionLicense */,
				49C2E4A920A011A800D34E07 /* VideoLicense */,
			);
			path = Licenses;
			sourceTree = "<group>";
		};
		49C2E4AD20A02B3700D34E07 /* Videos */ = {
			isa = PBXGroup;
			children = (
				49C2E4A720A008CC00D34E07 /* Cat.mp4 */,
				49C2E4AB20A0135E00D34E07 /* AmbientSquares.mp4 */,
			);
			path = Videos;
			sourceTree = "<group>";
		};
		49CBC955209AD57400298FE7 = {
			isa = PBXGroup;
			children = (
				49CBC960209AD57400298FE7 /* ViewerVideo */,
				49CBC95F209AD57400298FE7 /* Products */,
			);
			sourceTree = "<group>";
		};
		49CBC95F209AD57400298FE7 /* Products */ = {
			isa = PBXGroup;
			children = (
				49CBC95E209AD57400298FE7 /* ViewerVideo.app */,
			);
			name = Products;
			sourceTree = "<group>";
		};
		49CBC960209AD57400298FE7 /* ViewerVideo */ = {
			isa = PBXGroup;
			children = (
				49CBC961209AD57400298FE7 /* AppDelegate.swift */,
				49C2E4A2209EF26B00D34E07 /* SettingsManager.swift */,
				49CBC963209AD57400298FE7 /* TrackingViewController.swift */,
				49CBC979209AF3FB00298FE7 /* LoopedVideoViewController.swift */,
				49CBC97D209C353900298FE7 /* InterstitialVideoViewController.swift */,
				49CBC968209AD57600298FE7 /* Assets.xcassets */,
				49CBC965209AD57400298FE7 /* Main.storyboard */,
				49CBC96A209AD57600298FE7 /* LaunchScreen.storyboard */,
				49CBC96D209AD57600298FE7 /* Info.plist */,
				49C2E4AD20A02B3700D34E07 /* Videos */,
				49C2E4A6209F070400D34E07 /* Licenses */,
			);
			path = ViewerVideo;
			sourceTree = "<group>";
		};
/* End PBXGroup section */

/* Begin PBXNativeTarget section */
		49CBC95D209AD57400298FE7 /* ViewerVideo */ = {
			isa = PBXNativeTarget;
			buildConfigurationList = 49CBC970209AD57600298FE7 /* Build configuration list for PBXNativeTarget "ViewerVideo" */;
			buildPhases = (
				49CBC95A209AD57400298FE7 /* Sources */,
				49CBC95B209AD57400298FE7 /* Frameworks */,
				49CBC95C209AD57400298FE7 /* Resources */,
			);
			buildRules = (
			);
			dependencies = (
			);
			name = ViewerVideo;
			productName = "IDX-VideoDemo";
			productReference = 49CBC95E209AD57400298FE7 /* ViewerVideo.app */;
			productType = "com.apple.product-type.application";
		};
/* End PBXNativeTarget section */

/* Begin PBXProject section */
		49CBC956209AD57400298FE7 /* Project object */ = {
			isa = PBXProject;
			attributes = {
				LastSwiftUpdateCheck = 0930;
				LastUpgradeCheck = 0930;
				ORGANIZATIONNAME = "Andrew Nordahl";
				TargetAttributes = {
					49CBC95D209AD57400298FE7 = {
						CreatedOnToolsVersion = 9.3;
					};
				};
			};
			buildConfigurationList = 49CBC959209AD57400298FE7 /* Build configuration list for PBXProject "ViewerVideo" */;
			compatibilityVersion = "Xcode 9.3";
			developmentRegion = en;
			hasScannedForEncodings = 0;
			knownRegions = (
				en,
				Base,
			);
			mainGroup = 49CBC955209AD57400298FE7;
			productRefGroup = 49CBC95F209AD57400298FE7 /* Products */;
			projectDirPath = "";
			projectRoot = "";
			targets = (
				49CBC95D209AD57400298FE7 /* ViewerVideo */,
			);
		};
/* End PBXProject section */

/* Begin PBXResourcesBuildPhase section */
		49CBC95C209AD57400298FE7 /* Resources */ = {
			isa = PBXResourcesBuildPhase;
			buildActionMask = 2147483647;
			files = (
				49C2E4A5209F06F900D34E07 /* VisionFaceDetectionLicense in Resources */,
				49CBC96C209AD57600298FE7 /* LaunchScreen.storyboard in Resources */,
				49C2E4A820A008CC00D34E07 /* Cat.mp4 in Resources */,
				49CBC969209AD57600298FE7 /* Assets.xcassets in Resources */,
				49CBC967209AD57400298FE7 /* Main.storyboard in Resources */,
				49C2E4AC20A0135E00D34E07 /* AmbientSquares.mp4 in Resources */,
				49C2E4AA20A011A800D34E07 /* VideoLicense in Resources */,
			);
			runOnlyForDeploymentPostprocessing = 0;
		};
/* End PBXResourcesBuildPhase section */

/* Begin PBXSourcesBuildPhase section */
		49CBC95A209AD57400298FE7 /* Sources */ = {
			isa = PBXSourcesBuildPhase;
			buildActionMask = 2147483647;
			files = (
				49C2E4A1209E42D900D34E07 /* InterstitialVideoViewController.swift in Sources */,
				49C2E4A3209EF26B00D34E07 /* SettingsManager.swift in Sources */,
				49CBC97A209AF3FB00298FE7 /* LoopedVideoViewController.swift in Sources */,
				49CBC964209AD57400298FE7 /* TrackingViewController.swift in Sources */,
				49CBC962209AD57400298FE7 /* AppDelegate.swift in Sources */,
			);
			runOnlyForDeploymentPostprocessing = 0;
		};
/* End PBXSourcesBuildPhase section */

/* Begin PBXVariantGroup section */
		49CBC965209AD57400298FE7 /* Main.storyboard */ = {
			isa = PBXVariantGroup;
			children = (
				49CBC966209AD57400298FE7 /* Base */,
			);
			name = Main.storyboard;
			sourceTree = "<group>";
		};
		49CBC96A209AD57600298FE7 /* LaunchScreen.storyboard */ = {
			isa = PBXVariantGroup;
			children = (
				49CBC96B209AD57600298FE7 /* Base */,
			);
			name = LaunchScreen.storyboard;
			sourceTree = "<group>";
		};
/* End PBXVariantGroup section */

/* Begin XCBuildConfiguration section */
		49CBC96E209AD57600298FE7 /* Debug */ = {
			isa = XCBuildConfiguration;
			buildSettings = {
				ALWAYS_SEARCH_USER_PATHS = NO;
				CLANG_ANALYZER_NONNULL = YES;
				CLANG_ANALYZER_NUMBER_OBJECT_CONVERSION = YES_AGGRESSIVE;
				CLANG_CXX_LANGUAGE_STANDARD = "gnu++14";
				CLANG_CXX_LIBRARY = "libc++";
				CLANG_ENABLE_MODULES = YES;
				CLANG_ENABLE_OBJC_ARC = YES;
				CLANG_ENABLE_OBJC_WEAK = YES;
				CLANG_WARN_BLOCK_CAPTURE_AUTORELEASING = YES;
				CLANG_WARN_BOOL_CONVERSION = YES;
				CLANG_WARN_COMMA = YES;
				CLANG_WARN_CONSTANT_CONVERSION = YES;
				CLANG_WARN_DEPRECATED_OBJC_IMPLEMENTATIONS = YES;
				CLANG_WARN_DIRECT_OBJC_ISA_USAGE = YES_ERROR;
				CLANG_WARN_DOCUMENTATION_COMMENTS = YES;
				CLANG_WARN_EMPTY_BODY = YES;
				CLANG_WARN_ENUM_CONVERSION = YES;
				CLANG_WARN_INFINITE_RECURSION = YES;
				CLANG_WARN_INT_CONVERSION = YES;
				CLANG_WARN_NON_LITERAL_NULL_CONVERSION = YES;
				CLANG_WARN_OBJC_IMPLICIT_RETAIN_SELF = YES;
				CLANG_WARN_OBJC_LITERAL_CONVERSION = YES;
				CLANG_WARN_OBJC_ROOT_CLASS = YES_ERROR;
				CLANG_WARN_RANGE_LOOP_ANALYSIS = YES;
				CLANG_WARN_STRICT_PROTOTYPES = YES;
				CLANG_WARN_SUSPICIOUS_MOVE = YES;
				CLANG_WARN_UNGUARDED_AVAILABILITY = YES_AGGRESSIVE;
				CLANG_WARN_UNREACHABLE_CODE = YES;
				CLANG_WARN__DUPLICATE_METHOD_MATCH = YES;
				CODE_SIGN_IDENTITY = "iPhone Developer";
				COPY_PHASE_STRIP = NO;
				DEBUG_INFORMATION_FORMAT = dwarf;
				ENABLE_STRICT_OBJC_MSGSEND = YES;
				ENABLE_TESTABILITY = YES;
				GCC_C_LANGUAGE_STANDARD = gnu11;
				GCC_DYNAMIC_NO_PIC = NO;
				GCC_NO_COMMON_BLOCKS = YES;
				GCC_OPTIMIZATION_LEVEL = 0;
				GCC_PREPROCESSOR_DEFINITIONS = (
					"DEBUG=1",
					"$(inherited)",
				);
				GCC_WARN_64_TO_32_BIT_CONVERSION = YES;
				GCC_WARN_ABOUT_RETURN_TYPE = YES_ERROR;
				GCC_WARN_UNDECLARED_SELECTOR = YES;
				GCC_WARN_UNINITIALIZED_AUTOS = YES_AGGRESSIVE;
				GCC_WARN_UNUSED_FUNCTION = YES;
				GCC_WARN_UNUSED_VARIABLE = YES;
				IPHONEOS_DEPLOYMENT_TARGET = 11.0;
				MTL_ENABLE_DEBUG_INFO = YES;
				ONLY_ACTIVE_ARCH = YES;
				SDKROOT = iphoneos;
				SWIFT_ACTIVE_COMPILATION_CONDITIONS = DEBUG;
				SWIFT_OPTIMIZATION_LEVEL = "-Onone";
			};
			name = Debug;
		};
		49CBC96F209AD57600298FE7 /* Release */ = {
			isa = XCBuildConfiguration;
			buildSettings = {
				ALWAYS_SEARCH_USER_PATHS = NO;
				CLANG_ANALYZER_NONNULL = YES;
				CLANG_ANALYZER_NUMBER_OBJECT_CONVERSION = YES_AGGRESSIVE;
				CLANG_CXX_LANGUAGE_STANDARD = "gnu++14";
				CLANG_CXX_LIBRARY = "libc++";
				CLANG_ENABLE_MODULES = YES;
				CLANG_ENABLE_OBJC_ARC = YES;
				CLANG_ENABLE_OBJC_WEAK = YES;
				CLANG_WARN_BLOCK_CAPTURE_AUTORELEASING = YES;
				CLANG_WARN_BOOL_CONVERSION = YES;
				CLANG_WARN_COMMA = YES;
				CLANG_WARN_CONSTANT_CONVERSION = YES;
				CLANG_WARN_DEPRECATED_OBJC_IMPLEMENTATIONS = YES;
				CLANG_WARN_DIRECT_OBJC_ISA_USAGE = YES_ERROR;
				CLANG_WARN_DOCUMENTATION_COMMENTS = YES;
				CLANG_WARN_EMPTY_BODY = YES;
				CLANG_WARN_ENUM_CONVERSION = YES;
				CLANG_WARN_INFINITE_RECURSION = YES;
				CLANG_WARN_INT_CONVERSION = YES;
				CLANG_WARN_NON_LITERAL_NULL_CONVERSION = YES;
				CLANG_WARN_OBJC_IMPLICIT_RETAIN_SELF = YES;
				CLANG_WARN_OBJC_LITERAL_CONVERSION = YES;
				CLANG_WARN_OBJC_ROOT_CLASS = YES_ERROR;
				CLANG_WARN_RANGE_LOOP_ANALYSIS = YES;
				CLANG_WARN_STRICT_PROTOTYPES = YES;
				CLANG_WARN_SUSPICIOUS_MOVE = YES;
				CLANG_WARN_UNGUARDED_AVAILABILITY = YES_AGGRESSIVE;
				CLANG_WARN_UNREACHABLE_CODE = YES;
				CLANG_WARN__DUPLICATE_METHOD_MATCH = YES;
				CODE_SIGN_IDENTITY = "iPhone Developer";
				COPY_PHASE_STRIP = NO;
				DEBUG_INFORMATION_FORMAT = "dwarf-with-dsym";
				ENABLE_NS_ASSERTIONS = NO;
				ENABLE_STRICT_OBJC_MSGSEND = YES;
				GCC_C_LANGUAGE_STANDARD = gnu11;
				GCC_NO_COMMON_BLOCKS = YES;
				GCC_WARN_64_TO_32_BIT_CONVERSION = YES;
				GCC_WARN_ABOUT_RETURN_TYPE = YES_ERROR;
				GCC_WARN_UNDECLARED_SELECTOR = YES;
				GCC_WARN_UNINITIALIZED_AUTOS = YES_AGGRESSIVE;
				GCC_WARN_UNUSED_FUNCTION = YES;
				GCC_WARN_UNUSED_VARIABLE = YES;
				IPHONEOS_DEPLOYMENT_TARGET = 11.0;
				MTL_ENABLE_DEBUG_INFO = NO;
				SDKROOT = iphoneos;
				SWIFT_COMPILATION_MODE = wholemodule;
				SWIFT_OPTIMIZATION_LEVEL = "-O";
				VALIDATE_PRODUCT = YES;
			};
			name = Release;
		};
		49CBC971209AD57600298FE7 /* Debug */ = {
			isa = XCBuildConfiguration;
			buildSettings = {
				ASSETCATALOG_COMPILER_APPICON_NAME = AppIcon;
				CODE_SIGN_STYLE = Automatic;
				DEVELOPMENT_TEAM = 8E7374PA8T;
				INFOPLIST_FILE = "$(SRCROOT)/ViewerVideo/Info.plist";
				LD_RUNPATH_SEARCH_PATHS = (
					"$(inherited)",
					"@executable_path/Frameworks",
				);
				PRODUCT_BUNDLE_IDENTIFIER = AndrewNordahl.ViewerVideoCore;
				PRODUCT_NAME = "$(TARGET_NAME)";
				SWIFT_VERSION = 4.0;
				TARGETED_DEVICE_FAMILY = "1,2";
			};
			name = Debug;
		};
		49CBC972209AD57600298FE7 /* Release */ = {
			isa = XCBuildConfiguration;
			buildSettings = {
				ASSETCATALOG_COMPILER_APPICON_NAME = AppIcon;
				CODE_SIGN_STYLE = Automatic;
				DEVELOPMENT_TEAM = 8E7374PA8T;
				INFOPLIST_FILE = "$(SRCROOT)/ViewerVideo/Info.plist";
				LD_RUNPATH_SEARCH_PATHS = (
					"$(inherited)",
					"@executable_path/Frameworks",
				);
				PRODUCT_BUNDLE_IDENTIFIER = AndrewNordahl.ViewerVideoCore;
				PRODUCT_NAME = "$(TARGET_NAME)";
				SWIFT_VERSION = 4.0;
				TARGETED_DEVICE_FAMILY = "1,2";
			};
			name = Release;
		};
/* End XCBuildConfiguration section */

/* Begin XCConfigurationList section */
		49CBC959209AD57400298FE7 /* Build configuration list for PBXProject "ViewerVideo" */ = {
			isa = XCConfigurationList;
			buildConfigurations = (
				49CBC96E209AD57600298FE7 /* Debug */,
				49CBC96F209AD57600298FE7 /* Release */,
			);
			defaultConfigurationIsVisible = 0;
			defaultConfigurationName = Release;
		};
		49CBC970209AD57600298FE7 /* Build configuration list for PBXNativeTarget "ViewerVideo" */ = {
			isa = XCConfigurationList;
			buildConfigurations = (
				49CBC971209AD57600298FE7 /* Debug */,
				49CBC972209AD57600298FE7 /* Release */,
			);
			defaultConfigurationIsVisible = 0;
			defaultConfigurationName = Release;
		};
/* End XCConfigurationList section */
	};
	rootObject = 49CBC956209AD57400298FE7 /* Project object */;
}
